
Microsoft Visual Studio Solution File, Format Version 12.00
# Visual Studio Version 17
VisualStudioVersion = 17.0.31521.260
MinimumVisualStudioVersion = 10.0.40219.1
Project("{9A19103F-16F7-4668-BE54-9A1E7A4F7556}") = "NoteBook", "NoteBook\NoteBook.csproj", "{90958FC3-B986-4119-984D-165E19344220}"
EndProject
Project("{FAE04EC0-301F-11D3-BF4B-00C04F79EFBC}") = "IdentityServer4Templates", "IdentityServer4Templates\IdentityServer4Templates.csproj", "{27EA12E9-DDF7-4FE8-ACE4-E80B42F8023C}"
EndProject
Global
	GlobalSection(SolutionConfigurationPlatforms) = preSolution
		Debug|Any CPU = Debug|Any CPU
		Release|Any CPU = Release|Any CPU
	EndGlobalSection
	GlobalSection(ProjectConfigurationPlatforms) = postSolution
		{90958FC3-B986-4119-984D-165E19344220}.Debug|Any CPU.ActiveCfg = Debug|Any CPU
		{90958FC3-B986-4119-984D-165E19344220}.Debug|Any CPU.Build.0 = Debug|Any CPU
		{90958FC3-B986-4119-984D-165E19344220}.Release|Any CPU.ActiveCfg = Release|Any CPU
		{90958FC3-B986-4119-984D-165E19344220}.Release|Any CPU.Build.0 = Release|Any CPU
		{27EA12E9-DDF7-4FE8-ACE4-E80B42F8023C}.Debug|Any CPU.ActiveCfg = Debug|Any CPU
		{27EA12E9-DDF7-4FE8-ACE4-E80B42F8023C}.Debug|Any CPU.Build.0 = Debug|Any CPU
		{27EA12E9-DDF7-4FE8-ACE4-E80B42F8023C}.Release|Any CPU.ActiveCfg = Release|Any CPU
		{27EA12E9-DDF7-4FE8-ACE4-E80B42F8023C}.Release|Any CPU.Build.0 = Release|Any CPU
	EndGlobalSection
	GlobalSection(SolutionProperties) = preSolution
		HideSolutionNode = FALSE
	EndGlobalSection
	GlobalSection(ExtensibilityGlobals) = postSolution
		SolutionGuid = {9E8402D2-197A-47B1-B832-F9627A9E9E69}
	EndGlobalSection
EndGlobal
